
Microsoft Visual Studio Solution File, Format Version 12.00
# Visual Studio Version 17
VisualStudioVersion = 17.10.35027.167
MinimumVisualStudioVersion = 10.0.40219.1
Project("{FAE04EC0-301F-11D3-BF4B-00C04F79EFBC}") = "01_MainSubjects", "01_MainSubjects\01_MainSubjects.csproj", "{97DBD264-C250-46D8-9725-D3D55A71099A}"
EndProject
Project("{FAE04EC0-301F-11D3-BF4B-00C04F79EFBC}") = "02_Variables", "02_Variables\02_Variables.csproj", "{263F2D9D-5FB4-4FCD-AF45-D2AF604B080A}"
EndProject
Project("{FAE04EC0-301F-11D3-BF4B-00C04F79EFBC}") = "03_MakingDecision", "03_MakingDecision\03_MakingDecision.csproj", "{E859440D-D7D3-436D-9D0B-3175384B435A}"
EndProject
Project("{FAE04EC0-301F-11D3-BF4B-00C04F79EFBC}") = "04_Loops", "04_Loops\04_Loops.csproj", "{4FB31DCB-346F-4045-BCB7-644810EE3952}"
EndProject
Project("{FAE04EC0-301F-11D3-BF4B-00C04F79EFBC}") = "05_LoopsWithStars", "05_LoopsWithStars\05_LoopsWithStars.csproj", "{DBE473EE-2046-4181-99E2-DE3F6051D01C}"
EndProject
Project("{FAE04EC0-301F-11D3-BF4B-00C04F79EFBC}") = "06_Arrays", "06_Arrays\06_Arrays.csproj", "{D8EF30B5-A290-452F-AA6A-83C04A5BEA53}"
EndProject
Project("{FAE04EC0-301F-11D3-BF4B-00C04F79EFBC}") = "07_ForeachLoop", "07_ForeachLoop\07_ForeachLoop.csproj", "{803D4DDB-CBEA-450D-B66A-D9B257F3B355}"
EndProject
Project("{FAE04EC0-301F-11D3-BF4B-00C04F79EFBC}") = "08_Methods", "08_Methods\08_Methods.csproj", "{C321BFFE-5FB0-4BAB-8233-285784AD3EF5}"
EndProject
Project("{2150E333-8FDC-42A3-9474-1A3956D46DE8}") = "Solution Items", "Solution Items", "{D6A03881-4BDA-449A-89B0-AAF8472B7C66}"
	ProjectSection(SolutionItems) = preProject
		README.md = README.md
	EndProjectSection
EndProject
Global
	GlobalSection(SolutionConfigurationPlatforms) = preSolution
		Debug|Any CPU = Debug|Any CPU
		Release|Any CPU = Release|Any CPU
	EndGlobalSection
	GlobalSection(ProjectConfigurationPlatforms) = postSolution
		{97DBD264-C250-46D8-9725-D3D55A71099A}.Debug|Any CPU.ActiveCfg = Debug|Any CPU
		{97DBD264-C250-46D8-9725-D3D55A71099A}.Debug|Any CPU.Build.0 = Debug|Any CPU
		{97DBD264-C250-46D8-9725-D3D55A71099A}.Release|Any CPU.ActiveCfg = Release|Any CPU
		{97DBD264-C250-46D8-9725-D3D55A71099A}.Release|Any CPU.Build.0 = Release|Any CPU
		{263F2D9D-5FB4-4FCD-AF45-D2AF604B080A}.Debug|Any CPU.ActiveCfg = Debug|Any CPU
		{263F2D9D-5FB4-4FCD-AF45-D2AF604B080A}.Debug|Any CPU.Build.0 = Debug|Any CPU
		{263F2D9D-5FB4-4FCD-AF45-D2AF604B080A}.Release|Any CPU.ActiveCfg = Release|Any CPU
		{263F2D9D-5FB4-4FCD-AF45-D2AF604B080A}.Release|Any CPU.Build.0 = Release|Any CPU
		{E859440D-D7D3-436D-9D0B-3175384B435A}.Debug|Any CPU.ActiveCfg = Debug|Any CPU
		{E859440D-D7D3-436D-9D0B-3175384B435A}.Debug|Any CPU.Build.0 = Debug|Any CPU
		{E859440D-D7D3-436D-9D0B-3175384B435A}.Release|Any CPU.ActiveCfg = Release|Any CPU
		{E859440D-D7D3-436D-9D0B-3175384B435A}.Release|Any CPU.Build.0 = Release|Any CPU
		{4FB31DCB-346F-4045-BCB7-644810EE3952}.Debug|Any CPU.ActiveCfg = Debug|Any CPU
		{4FB31DCB-346F-4045-BCB7-644810EE3952}.Debug|Any CPU.Build.0 = Debug|Any CPU
		{4FB31DCB-346F-4045-BCB7-644810EE3952}.Release|Any CPU.ActiveCfg = Release|Any CPU
		{4FB31DCB-346F-4045-BCB7-644810EE3952}.Release|Any CPU.Build.0 = Release|Any CPU
		{DBE473EE-2046-4181-99E2-DE3F6051D01C}.Debug|Any CPU.ActiveCfg = Debug|Any CPU
		{DBE473EE-2046-4181-99E2-DE3F6051D01C}.Debug|Any CPU.Build.0 = Debug|Any CPU
		{DBE473EE-2046-4181-99E2-DE3F6051D01C}.Release|Any CPU.ActiveCfg = Release|Any CPU
		{DBE473EE-2046-4181-99E2-DE3F6051D01C}.Release|Any CPU.Build.0 = Release|Any CPU
		{D8EF30B5-A290-452F-AA6A-83C04A5BEA53}.Debug|Any CPU.ActiveCfg = Debug|Any CPU
		{D8EF30B5-A290-452F-AA6A-83C04A5BEA53}.Debug|Any CPU.Build.0 = Debug|Any CPU
		{D8EF30B5-A290-452F-AA6A-83C04A5BEA53}.Release|Any CPU.ActiveCfg = Release|Any CPU
		{D8EF30B5-A290-452F-AA6A-83C04A5BEA53}.Release|Any CPU.Build.0 = Release|Any CPU
		{803D4DDB-CBEA-450D-B66A-D9B257F3B355}.Debug|Any CPU.ActiveCfg = Debug|Any CPU
		{803D4DDB-CBEA-450D-B66A-D9B257F3B355}.Debug|Any CPU.Build.0 = Debug|Any CPU
		{803D4DDB-CBEA-450D-B66A-D9B257F3B355}.Release|Any CPU.ActiveCfg = Release|Any CPU
		{803D4DDB-CBEA-450D-B66A-D9B257F3B355}.Release|Any CPU.Build.0 = Release|Any CPU
		{C321BFFE-5FB0-4BAB-8233-285784AD3EF5}.Debug|Any CPU.ActiveCfg = Debug|Any CPU
		{C321BFFE-5FB0-4BAB-8233-285784AD3EF5}.Debug|Any CPU.Build.0 = Debug|Any CPU
		{C321BFFE-5FB0-4BAB-8233-285784AD3EF5}.Release|Any CPU.ActiveCfg = Release|Any CPU
		{C321BFFE-5FB0-4BAB-8233-285784AD3EF5}.Release|Any CPU.Build.0 = Release|Any CPU
	EndGlobalSection
	GlobalSection(SolutionProperties) = preSolution
		HideSolutionNode = FALSE
	EndGlobalSection
	GlobalSection(ExtensibilityGlobals) = postSolution
		SolutionGuid = {6E858527-E1F5-465B-AD1B-804A7884BC1E}
	EndGlobalSection
EndGlobal
